// !$*UTF8*$!
{
	archiveVersion = 1;
	classes = {
	};
	objectVersion = 56;
	objects = {

/* Begin PBXBuildFile section */
		BA127FE02A5A5A6A001D3A6E /* PlayerSelectView.swift in Sources */ = {isa = PBXBuildFile; fileRef = BA127FDF2A5A5A6A001D3A6E /* PlayerSelectView.swift */; };
		BA6FFA862A5305E3003E4FCE /* LossTrackerApp.swift in Sources */ = {isa = PBXBuildFile; fileRef = BA6FFA852A5305E3003E4FCE /* LossTrackerApp.swift */; };
		BA6FFA882A5305E3003E4FCE /* ContentView.swift in Sources */ = {isa = PBXBuildFile; fileRef = BA6FFA872A5305E3003E4FCE /* ContentView.swift */; };
		BA6FFA8A2A5305E4003E4FCE /* Assets.xcassets in Resources */ = {isa = PBXBuildFile; fileRef = BA6FFA892A5305E4003E4FCE /* Assets.xcassets */; };
		BA6FFA8D2A5305E4003E4FCE /* Preview Assets.xcassets in Resources */ = {isa = PBXBuildFile; fileRef = BA6FFA8C2A5305E4003E4FCE /* Preview Assets.xcassets */; };
		BA6FFA8F2A5305E4003E4FCE /* Persistence.swift in Sources */ = {isa = PBXBuildFile; fileRef = BA6FFA8E2A5305E4003E4FCE /* Persistence.swift */; };
		BA6FFA922A5305E4003E4FCE /* LossTracker.xcdatamodeld in Sources */ = {isa = PBXBuildFile; fileRef = BA6FFA902A5305E4003E4FCE /* LossTracker.xcdatamodeld */; };
		BA6FFA9C2A5305E4003E4FCE /* LossTrackerTests.swift in Sources */ = {isa = PBXBuildFile; fileRef = BA6FFA9B2A5305E4003E4FCE /* LossTrackerTests.swift */; };
		BA6FFAA62A5305E4003E4FCE /* LossTrackerUITests.swift in Sources */ = {isa = PBXBuildFile; fileRef = BA6FFAA52A5305E4003E4FCE /* LossTrackerUITests.swift */; };
		BA6FFAA82A5305E4003E4FCE /* LossTrackerUITestsLaunchTests.swift in Sources */ = {isa = PBXBuildFile; fileRef = BA6FFAA72A5305E4003E4FCE /* LossTrackerUITestsLaunchTests.swift */; };
		BA6FFAB72A5308C7003E4FCE /* Home.swift in Sources */ = {isa = PBXBuildFile; fileRef = BA6FFAB62A5308C7003E4FCE /* Home.swift */; };
		BA6FFAB92A530936003E4FCE /* Leaderboard.swift in Sources */ = {isa = PBXBuildFile; fileRef = BA6FFAB82A530936003E4FCE /* Leaderboard.swift */; };
		BA6FFABB2A53235B003E4FCE /* AddPlayer.swift in Sources */ = {isa = PBXBuildFile; fileRef = BA6FFABA2A53235B003E4FCE /* AddPlayer.swift */; };
		BA6FFABD2A535A56003E4FCE /* startGame.swift in Sources */ = {isa = PBXBuildFile; fileRef = BA6FFABC2A535A56003E4FCE /* startGame.swift */; };
		BA6FFABF2A535D96003E4FCE /* GameViewModel.swift in Sources */ = {isa = PBXBuildFile; fileRef = BA6FFABE2A535D96003E4FCE /* GameViewModel.swift */; };
		BA6FFAC42A536537003E4FCE /* endGame.swift in Sources */ = {isa = PBXBuildFile; fileRef = BA6FFAC32A536537003E4FCE /* endGame.swift */; };
		BA6FFAC72A5655F2003E4FCE /* FinishedView.swift in Sources */ = {isa = PBXBuildFile; fileRef = BA6FFAC62A5655F2003E4FCE /* FinishedView.swift */; };
/* End PBXBuildFile section */

/* Begin PBXBuildRule section */
		BA6FFAC52A53C5D7003E4FCE /* PBXBuildRule */ = {
			isa = PBXBuildRule;
			compilerSpec = com.apple.compilers.proxy.script;
			fileType = pattern.proxy;
			inputFiles = (
			);
			isEditable = 1;
			outputFiles = (
			);
			script = "# Type a script or drag a script file from your workspace to insert its path.\n";
		};
/* End PBXBuildRule section */

/* Begin PBXContainerItemProxy section */
		BA6FFA982A5305E4003E4FCE /* PBXContainerItemProxy */ = {
			isa = PBXContainerItemProxy;
			containerPortal = BA6FFA7A2A5305E3003E4FCE /* Project object */;
			proxyType = 1;
			remoteGlobalIDString = BA6FFA812A5305E3003E4FCE;
			remoteInfo = LossTracker;
		};
		BA6FFAA22A5305E4003E4FCE /* PBXContainerItemProxy */ = {
			isa = PBXContainerItemProxy;
			containerPortal = BA6FFA7A2A5305E3003E4FCE /* Project object */;
			proxyType = 1;
			remoteGlobalIDString = BA6FFA812A5305E3003E4FCE;
			remoteInfo = LossTracker;
		};
/* End PBXContainerItemProxy section */

/* Begin PBXFileReference section */
		BA127FDF2A5A5A6A001D3A6E /* PlayerSelectView.swift */ = {isa = PBXFileReference; lastKnownFileType = sourcecode.swift; path = PlayerSelectView.swift; sourceTree = "<group>"; };
		BA6FFA822A5305E3003E4FCE /* LossTracker.app */ = {isa = PBXFileReference; explicitFileType = wrapper.application; includeInIndex = 0; path = LossTracker.app; sourceTree = BUILT_PRODUCTS_DIR; };
		BA6FFA852A5305E3003E4FCE /* LossTrackerApp.swift */ = {isa = PBXFileReference; lastKnownFileType = sourcecode.swift; path = LossTrackerApp.swift; sourceTree = "<group>"; };
		BA6FFA872A5305E3003E4FCE /* ContentView.swift */ = {isa = PBXFileReference; lastKnownFileType = sourcecode.swift; path = ContentView.swift; sourceTree = "<group>"; };
		BA6FFA892A5305E4003E4FCE /* Assets.xcassets */ = {isa = PBXFileReference; lastKnownFileType = folder.assetcatalog; path = Assets.xcassets; sourceTree = "<group>"; };
		BA6FFA8C2A5305E4003E4FCE /* Preview Assets.xcassets */ = {isa = PBXFileReference; lastKnownFileType = folder.assetcatalog; path = "Preview Assets.xcassets"; sourceTree = "<group>"; };
		BA6FFA8E2A5305E4003E4FCE /* Persistence.swift */ = {isa = PBXFileReference; lastKnownFileType = sourcecode.swift; path = Persistence.swift; sourceTree = "<group>"; };
		BA6FFA912A5305E4003E4FCE /* LossTracker.xcdatamodel */ = {isa = PBXFileReference; lastKnownFileType = wrapper.xcdatamodel; path = LossTracker.xcdatamodel; sourceTree = "<group>"; };
		BA6FFA972A5305E4003E4FCE /* LossTrackerTests.xctest */ = {isa = PBXFileReference; explicitFileType = wrapper.cfbundle; includeInIndex = 0; path = LossTrackerTests.xctest; sourceTree = BUILT_PRODUCTS_DIR; };
		BA6FFA9B2A5305E4003E4FCE /* LossTrackerTests.swift */ = {isa = PBXFileReference; lastKnownFileType = sourcecode.swift; path = LossTrackerTests.swift; sourceTree = "<group>"; };
		BA6FFAA12A5305E4003E4FCE /* LossTrackerUITests.xctest */ = {isa = PBXFileReference; explicitFileType = wrapper.cfbundle; includeInIndex = 0; path = LossTrackerUITests.xctest; sourceTree = BUILT_PRODUCTS_DIR; };
		BA6FFAA52A5305E4003E4FCE /* LossTrackerUITests.swift */ = {isa = PBXFileReference; lastKnownFileType = sourcecode.swift; path = LossTrackerUITests.swift; sourceTree = "<group>"; };
		BA6FFAA72A5305E4003E4FCE /* LossTrackerUITestsLaunchTests.swift */ = {isa = PBXFileReference; lastKnownFileType = sourcecode.swift; path = LossTrackerUITestsLaunchTests.swift; sourceTree = "<group>"; };
		BA6FFAB62A5308C7003E4FCE /* Home.swift */ = {isa = PBXFileReference; lastKnownFileType = sourcecode.swift; path = Home.swift; sourceTree = "<group>"; };
		BA6FFAB82A530936003E4FCE /* Leaderboard.swift */ = {isa = PBXFileReference; lastKnownFileType = sourcecode.swift; path = Leaderboard.swift; sourceTree = "<group>"; };
		BA6FFABA2A53235B003E4FCE /* AddPlayer.swift */ = {isa = PBXFileReference; lastKnownFileType = sourcecode.swift; path = AddPlayer.swift; sourceTree = "<group>"; };
		BA6FFABC2A535A56003E4FCE /* startGame.swift */ = {isa = PBXFileReference; lastKnownFileType = sourcecode.swift; path = startGame.swift; sourceTree = "<group>"; };
		BA6FFABE2A535D96003E4FCE /* GameViewModel.swift */ = {isa = PBXFileReference; lastKnownFileType = sourcecode.swift; path = GameViewModel.swift; sourceTree = "<group>"; };
		BA6FFAC32A536537003E4FCE /* endGame.swift */ = {isa = PBXFileReference; lastKnownFileType = sourcecode.swift; path = endGame.swift; sourceTree = "<group>"; };
		BA6FFAC62A5655F2003E4FCE /* FinishedView.swift */ = {isa = PBXFileReference; lastKnownFileType = sourcecode.swift; path = FinishedView.swift; sourceTree = "<group>"; };
/* End PBXFileReference section */

/* Begin PBXFrameworksBuildPhase section */
		BA6FFA7F2A5305E3003E4FCE /* Frameworks */ = {
			isa = PBXFrameworksBuildPhase;
			buildActionMask = 2147483647;
			files = (
			);
			runOnlyForDeploymentPostprocessing = 0;
		};
		BA6FFA942A5305E4003E4FCE /* Frameworks */ = {
			isa = PBXFrameworksBuildPhase;
			buildActionMask = 2147483647;
			files = (
			);
			runOnlyForDeploymentPostprocessing = 0;
		};
		BA6FFA9E2A5305E4003E4FCE /* Frameworks */ = {
			isa = PBXFrameworksBuildPhase;
			buildActionMask = 2147483647;
			files = (
			);
			runOnlyForDeploymentPostprocessing = 0;
		};
/* End PBXFrameworksBuildPhase section */

/* Begin PBXGroup section */
		BA6FFA792A5305E3003E4FCE = {
			isa = PBXGroup;
			children = (
				BA6FFA842A5305E3003E4FCE /* LossTracker */,
				BA6FFA9A2A5305E4003E4FCE /* LossTrackerTests */,
				BA6FFAA42A5305E4003E4FCE /* LossTrackerUITests */,
				BA6FFA832A5305E3003E4FCE /* Products */,
			);
			sourceTree = "<group>";
		};
		BA6FFA832A5305E3003E4FCE /* Products */ = {
			isa = PBXGroup;
			children = (
				BA6FFA822A5305E3003E4FCE /* LossTracker.app */,
				BA6FFA972A5305E4003E4FCE /* LossTrackerTests.xctest */,
				BA6FFAA12A5305E4003E4FCE /* LossTrackerUITests.xctest */,
			);
			name = Products;
			sourceTree = "<group>";
		};
		BA6FFA842A5305E3003E4FCE /* LossTracker */ = {
			isa = PBXGroup;
			children = (
				BA6FFA852A5305E3003E4FCE /* LossTrackerApp.swift */,
				BA6FFAB62A5308C7003E4FCE /* Home.swift */,
				BA6FFA872A5305E3003E4FCE /* ContentView.swift */,
				BA6FFAB82A530936003E4FCE /* Leaderboard.swift */,
				BA6FFABA2A53235B003E4FCE /* AddPlayer.swift */,
				BA6FFABC2A535A56003E4FCE /* startGame.swift */,
				BA6FFABE2A535D96003E4FCE /* GameViewModel.swift */,
				BA6FFAC32A536537003E4FCE /* endGame.swift */,
				BA6FFAC62A5655F2003E4FCE /* FinishedView.swift */,
				BA6FFA892A5305E4003E4FCE /* Assets.xcassets */,
				BA6FFA8E2A5305E4003E4FCE /* Persistence.swift */,
				BA6FFA902A5305E4003E4FCE /* LossTracker.xcdatamodeld */,
				BA6FFA8B2A5305E4003E4FCE /* Preview Content */,
				BA127FDF2A5A5A6A001D3A6E /* PlayerSelectView.swift */,
			);
			path = LossTracker;
			sourceTree = "<group>";
		};
		BA6FFA8B2A5305E4003E4FCE /* Preview Content */ = {
			isa = PBXGroup;
			children = (
				BA6FFA8C2A5305E4003E4FCE /* Preview Assets.xcassets */,
			);
			path = "Preview Content";
			sourceTree = "<group>";
		};
		BA6FFA9A2A5305E4003E4FCE /* LossTrackerTests */ = {
			isa = PBXGroup;
			children = (
				BA6FFA9B2A5305E4003E4FCE /* LossTrackerTests.swift */,
			);
			path = LossTrackerTests;
			sourceTree = "<group>";
		};
		BA6FFAA42A5305E4003E4FCE /* LossTrackerUITests */ = {
			isa = PBXGroup;
			children = (
				BA6FFAA52A5305E4003E4FCE /* LossTrackerUITests.swift */,
				BA6FFAA72A5305E4003E4FCE /* LossTrackerUITestsLaunchTests.swift */,
			);
			path = LossTrackerUITests;
			sourceTree = "<group>";
		};
/* End PBXGroup section */

/* Begin PBXNativeTarget section */
		BA6FFA812A5305E3003E4FCE /* LossTracker */ = {
			isa = PBXNativeTarget;
			buildConfigurationList = BA6FFAAB2A5305E4003E4FCE /* Build configuration list for PBXNativeTarget "LossTracker" */;
			buildPhases = (
				BA6FFA7E2A5305E3003E4FCE /* Sources */,
				BA6FFA7F2A5305E3003E4FCE /* Frameworks */,
				BA6FFA802A5305E3003E4FCE /* Resources */,
			);
			buildRules = (
				BA6FFAC52A53C5D7003E4FCE /* PBXBuildRule */,
			);
			dependencies = (
			);
			name = LossTracker;
			productName = LossTracker;
			productReference = BA6FFA822A5305E3003E4FCE /* LossTracker.app */;
			productType = "com.apple.product-type.application";
		};
		BA6FFA962A5305E4003E4FCE /* LossTrackerTests */ = {
			isa = PBXNativeTarget;
			buildConfigurationList = BA6FFAAE2A5305E4003E4FCE /* Build configuration list for PBXNativeTarget "LossTrackerTests" */;
			buildPhases = (
				BA6FFA932A5305E4003E4FCE /* Sources */,
				BA6FFA942A5305E4003E4FCE /* Frameworks */,
				BA6FFA952A5305E4003E4FCE /* Resources */,
			);
			buildRules = (
			);
			dependencies = (
				BA6FFA992A5305E4003E4FCE /* PBXTargetDependency */,
			);
			name = LossTrackerTests;
			productName = LossTrackerTests;
			productReference = BA6FFA972A5305E4003E4FCE /* LossTrackerTests.xctest */;
			productType = "com.apple.product-type.bundle.unit-test";
		};
		BA6FFAA02A5305E4003E4FCE /* LossTrackerUITests */ = {
			isa = PBXNativeTarget;
			buildConfigurationList = BA6FFAB12A5305E4003E4FCE /* Build configuration list for PBXNativeTarget "LossTrackerUITests" */;
			buildPhases = (
				BA6FFA9D2A5305E4003E4FCE /* Sources */,
				BA6FFA9E2A5305E4003E4FCE /* Frameworks */,
				BA6FFA9F2A5305E4003E4FCE /* Resources */,
			);
			buildRules = (
			);
			dependencies = (
				BA6FFAA32A5305E4003E4FCE /* PBXTargetDependency */,
			);
			name = LossTrackerUITests;
			productName = LossTrackerUITests;
			productReference = BA6FFAA12A5305E4003E4FCE /* LossTrackerUITests.xctest */;
			productType = "com.apple.product-type.bundle.ui-testing";
		};
/* End PBXNativeTarget section */

/* Begin PBXProject section */
		BA6FFA7A2A5305E3003E4FCE /* Project object */ = {
			isa = PBXProject;
			attributes = {
				BuildIndependentTargetsInParallel = 1;
				LastSwiftUpdateCheck = 1500;
				LastUpgradeCheck = 1500;
				TargetAttributes = {
					BA6FFA812A5305E3003E4FCE = {
						CreatedOnToolsVersion = 15.0;
					};
					BA6FFA962A5305E4003E4FCE = {
						CreatedOnToolsVersion = 15.0;
						TestTargetID = BA6FFA812A5305E3003E4FCE;
					};
					BA6FFAA02A5305E4003E4FCE = {
						CreatedOnToolsVersion = 15.0;
						TestTargetID = BA6FFA812A5305E3003E4FCE;
					};
				};
			};
			buildConfigurationList = BA6FFA7D2A5305E3003E4FCE /* Build configuration list for PBXProject "LossTracker" */;
			compatibilityVersion = "Xcode 14.0";
			developmentRegion = en;
			hasScannedForEncodings = 0;
			knownRegions = (
				en,
				Base,
			);
			mainGroup = BA6FFA792A5305E3003E4FCE;
			productRefGroup = BA6FFA832A5305E3003E4FCE /* Products */;
			projectDirPath = "";
			projectRoot = "";
			targets = (
				BA6FFA812A5305E3003E4FCE /* LossTracker */,
				BA6FFA962A5305E4003E4FCE /* LossTrackerTests */,
				BA6FFAA02A5305E4003E4FCE /* LossTrackerUITests */,
			);
		};
/* End PBXProject section */

/* Begin PBXResourcesBuildPhase section */
		BA6FFA802A5305E3003E4FCE /* Resources */ = {
			isa = PBXResourcesBuildPhase;
			buildActionMask = 2147483647;
			files = (
				BA6FFA8D2A5305E4003E4FCE /* Preview Assets.xcassets in Resources */,
				BA6FFA8A2A5305E4003E4FCE /* Assets.xcassets in Resources */,
			);
			runOnlyForDeploymentPostprocessing = 0;
		};
		BA6FFA952A5305E4003E4FCE /* Resources */ = {
			isa = PBXResourcesBuildPhase;
			buildActionMask = 2147483647;
			files = (
			);
			runOnlyForDeploymentPostprocessing = 0;
		};
		BA6FFA9F2A5305E4003E4FCE /* Resources */ = {
			isa = PBXResourcesBuildPhase;
			buildActionMask = 2147483647;
			files = (
			);
			runOnlyForDeploymentPostprocessing = 0;
		};
/* End PBXResourcesBuildPhase section */

/* Begin PBXSourcesBuildPhase section */
		BA6FFA7E2A5305E3003E4FCE /* Sources */ = {
			isa = PBXSourcesBuildPhase;
			buildActionMask = 2147483647;
			files = (
				BA6FFABF2A535D96003E4FCE /* GameViewModel.swift in Sources */,
				BA127FE02A5A5A6A001D3A6E /* PlayerSelectView.swift in Sources */,
				BA6FFA8F2A5305E4003E4FCE /* Persistence.swift in Sources */,
				BA6FFAC72A5655F2003E4FCE /* FinishedView.swift in Sources */,
				BA6FFABB2A53235B003E4FCE /* AddPlayer.swift in Sources */,
				BA6FFABD2A535A56003E4FCE /* startGame.swift in Sources */,
				BA6FFAB92A530936003E4FCE /* Leaderboard.swift in Sources */,
				BA6FFAC42A536537003E4FCE /* endGame.swift in Sources */,
				BA6FFA922A5305E4003E4FCE /* LossTracker.xcdatamodeld in Sources */,
				BA6FFA882A5305E3003E4FCE /* ContentView.swift in Sources */,
				BA6FFA862A5305E3003E4FCE /* LossTrackerApp.swift in Sources */,
				BA6FFAB72A5308C7003E4FCE /* Home.swift in Sources */,
			);
			runOnlyForDeploymentPostprocessing = 0;
		};
		BA6FFA932A5305E4003E4FCE /* Sources */ = {
			isa = PBXSourcesBuildPhase;
			buildActionMask = 2147483647;
			files = (
				BA6FFA9C2A5305E4003E4FCE /* LossTrackerTests.swift in Sources */,
			);
			runOnlyForDeploymentPostprocessing = 0;
		};
		BA6FFA9D2A5305E4003E4FCE /* Sources */ = {
			isa = PBXSourcesBuildPhase;
			buildActionMask = 2147483647;
			files = (
				BA6FFAA82A5305E4003E4FCE /* LossTrackerUITestsLaunchTests.swift in Sources */,
				BA6FFAA62A5305E4003E4FCE /* LossTrackerUITests.swift in Sources */,
			);
			runOnlyForDeploymentPostprocessing = 0;
		};
/* End PBXSourcesBuildPhase section */

/* Begin PBXTargetDependency section */
		BA6FFA992A5305E4003E4FCE /* PBXTargetDependency */ = {
			isa = PBXTargetDependency;
			target = BA6FFA812A5305E3003E4FCE /* LossTracker */;
			targetProxy = BA6FFA982A5305E4003E4FCE /* PBXContainerItemProxy */;
		};
		BA6FFAA32A5305E4003E4FCE /* PBXTargetDependency */ = {
			isa = PBXTargetDependency;
			target = BA6FFA812A5305E3003E4FCE /* LossTracker */;
			targetProxy = BA6FFAA22A5305E4003E4FCE /* PBXContainerItemProxy */;
		};
/* End PBXTargetDependency section */

/* Begin XCBuildConfiguration section */
		BA6FFAA92A5305E4003E4FCE /* Debug */ = {
			isa = XCBuildConfiguration;
			buildSettings = {
				ALWAYS_SEARCH_USER_PATHS = NO;
				ASSETCATALOG_COMPILER_GENERATE_SWIFT_ASSET_SYMBOL_EXTENSIONS = YES;
				CLANG_ANALYZER_NONNULL = YES;
				CLANG_ANALYZER_NUMBER_OBJECT_CONVERSION = YES_AGGRESSIVE;
				CLANG_CXX_LANGUAGE_STANDARD = "gnu++20";
				CLANG_ENABLE_MODULES = YES;
				CLANG_ENABLE_OBJC_ARC = YES;
				CLANG_ENABLE_OBJC_WEAK = YES;
				CLANG_WARN_BLOCK_CAPTURE_AUTORELEASING = YES;
				CLANG_WARN_BOOL_CONVERSION = YES;
				CLANG_WARN_COMMA = YES;
				CLANG_WARN_CONSTANT_CONVERSION = YES;
				CLANG_WARN_DEPRECATED_OBJC_IMPLEMENTATIONS = YES;
				CLANG_WARN_DIRECT_OBJC_ISA_USAGE = YES_ERROR;
				CLANG_WARN_DOCUMENTATION_COMMENTS = YES;
				CLANG_WARN_EMPTY_BODY = YES;
				CLANG_WARN_ENUM_CONVERSION = YES;
				CLANG_WARN_INFINITE_RECURSION = YES;
				CLANG_WARN_INT_CONVERSION = YES;
				CLANG_WARN_NON_LITERAL_NULL_CONVERSION = YES;
				CLANG_WARN_OBJC_IMPLICIT_RETAIN_SELF = YES;
				CLANG_WARN_OBJC_LITERAL_CONVERSION = YES;
				CLANG_WARN_OBJC_ROOT_CLASS = YES_ERROR;
				CLANG_WARN_QUOTED_INCLUDE_IN_FRAMEWORK_HEADER = YES;
				CLANG_WARN_RANGE_LOOP_ANALYSIS = YES;
				CLANG_WARN_STRICT_PROTOTYPES = YES;
				CLANG_WARN_SUSPICIOUS_MOVE = YES;
				CLANG_WARN_UNGUARDED_AVAILABILITY = YES_AGGRESSIVE;
				CLANG_WARN_UNREACHABLE_CODE = YES;
				CLANG_WARN__DUPLICATE_METHOD_MATCH = YES;
				COPY_PHASE_STRIP = NO;
				DEBUG_INFORMATION_FORMAT = dwarf;
				ENABLE_STRICT_OBJC_MSGSEND = YES;
				ENABLE_TESTABILITY = YES;
				ENABLE_USER_SCRIPT_SANDBOXING = YES;
				GCC_C_LANGUAGE_STANDARD = gnu17;
				GCC_DYNAMIC_NO_PIC = NO;
				GCC_NO_COMMON_BLOCKS = YES;
				GCC_OPTIMIZATION_LEVEL = 0;
				GCC_PREPROCESSOR_DEFINITIONS = (
					"DEBUG=1",
					"$(inherited)",
				);
				GCC_WARN_64_TO_32_BIT_CONVERSION = YES;
				GCC_WARN_ABOUT_RETURN_TYPE = YES_ERROR;
				GCC_WARN_UNDECLARED_SELECTOR = YES;
				GCC_WARN_UNINITIALIZED_AUTOS = YES_AGGRESSIVE;
				GCC_WARN_UNUSED_FUNCTION = YES;
				GCC_WARN_UNUSED_VARIABLE = YES;
				IPHONEOS_DEPLOYMENT_TARGET = 16.5;
				LOCALIZATION_PREFERS_STRING_CATALOGS = YES;
				MTL_ENABLE_DEBUG_INFO = INCLUDE_SOURCE;
				MTL_FAST_MATH = YES;
				ONLY_ACTIVE_ARCH = YES;
				SDKROOT = iphoneos;
				SWIFT_ACTIVE_COMPILATION_CONDITIONS = "DEBUG $(inherited)";
				SWIFT_OPTIMIZATION_LEVEL = "-Onone";
			};
			name = Debug;
		};
		BA6FFAAA2A5305E4003E4FCE /* Release */ = {
			isa = XCBuildConfiguration;
			buildSettings = {
				ALWAYS_SEARCH_USER_PATHS = NO;
				ASSETCATALOG_COMPILER_GENERATE_SWIFT_ASSET_SYMBOL_EXTENSIONS = YES;
				CLANG_ANALYZER_NONNULL = YES;
				CLANG_ANALYZER_NUMBER_OBJECT_CONVERSION = YES_AGGRESSIVE;
				CLANG_CXX_LANGUAGE_STANDARD = "gnu++20";
				CLANG_ENABLE_MODULES = YES;
				CLANG_ENABLE_OBJC_ARC = YES;
				CLANG_ENABLE_OBJC_WEAK = YES;
				CLANG_WARN_BLOCK_CAPTURE_AUTORELEASING = YES;
				CLANG_WARN_BOOL_CONVERSION = YES;
				CLANG_WARN_COMMA = YES;
				CLANG_WARN_CONSTANT_CONVERSION = YES;
				CLANG_WARN_DEPRECATED_OBJC_IMPLEMENTATIONS = YES;
				CLANG_WARN_DIRECT_OBJC_ISA_USAGE = YES_ERROR;
				CLANG_WARN_DOCUMENTATION_COMMENTS = YES;
				CLANG_WARN_EMPTY_BODY = YES;
				CLANG_WARN_ENUM_CONVERSION = YES;
				CLANG_WARN_INFINITE_RECURSION = YES;
				CLANG_WARN_INT_CONVERSION = YES;
				CLANG_WARN_NON_LITERAL_NULL_CONVERSION = YES;
				CLANG_WARN_OBJC_IMPLICIT_RETAIN_SELF = YES;
				CLANG_WARN_OBJC_LITERAL_CONVERSION = YES;
				CLANG_WARN_OBJC_ROOT_CLASS = YES_ERROR;
				CLANG_WARN_QUOTED_INCLUDE_IN_FRAMEWORK_HEADER = YES;
				CLANG_WARN_RANGE_LOOP_ANALYSIS = YES;
				CLANG_WARN_STRICT_PROTOTYPES = YES;
				CLANG_WARN_SUSPICIOUS_MOVE = YES;
				CLANG_WARN_UNGUARDED_AVAILABILITY = YES_AGGRESSIVE;
				CLANG_WARN_UNREACHABLE_CODE = YES;
				CLANG_WARN__DUPLICATE_METHOD_MATCH = YES;
				COPY_PHASE_STRIP = NO;
				DEBUG_INFORMATION_FORMAT = "dwarf-with-dsym";
				ENABLE_NS_ASSERTIONS = NO;
				ENABLE_STRICT_OBJC_MSGSEND = YES;
				ENABLE_USER_SCRIPT_SANDBOXING = YES;
				GCC_C_LANGUAGE_STANDARD = gnu17;
				GCC_NO_COMMON_BLOCKS = YES;
				GCC_WARN_64_TO_32_BIT_CONVERSION = YES;
				GCC_WARN_ABOUT_RETURN_TYPE = YES_ERROR;
				GCC_WARN_UNDECLARED_SELECTOR = YES;
				GCC_WARN_UNINITIALIZED_AUTOS = YES_AGGRESSIVE;
				GCC_WARN_UNUSED_FUNCTION = YES;
				GCC_WARN_UNUSED_VARIABLE = YES;
				IPHONEOS_DEPLOYMENT_TARGET = 16.5;
				LOCALIZATION_PREFERS_STRING_CATALOGS = YES;
				MTL_ENABLE_DEBUG_INFO = NO;
				MTL_FAST_MATH = YES;
				SDKROOT = iphoneos;
				SWIFT_COMPILATION_MODE = wholemodule;
				VALIDATE_PRODUCT = YES;
			};
			name = Release;
		};
		BA6FFAAC2A5305E4003E4FCE /* Debug */ = {
			isa = XCBuildConfiguration;
			buildSettings = {
				ASSETCATALOG_COMPILER_APPICON_NAME = AppIcon;
				ASSETCATALOG_COMPILER_GLOBAL_ACCENT_COLOR_NAME = AccentColor;
				CODE_SIGN_STYLE = Automatic;
				CURRENT_PROJECT_VERSION = 1;
				DEVELOPMENT_ASSET_PATHS = "\"LossTracker/Preview Content\"";
				DEVELOPMENT_TEAM = EE5CKE9HE8;
				ENABLE_PREVIEWS = YES;
				GENERATE_INFOPLIST_FILE = YES;
				INFOPLIST_KEY_UIApplicationSceneManifest_Generation = YES;
				INFOPLIST_KEY_UIApplicationSupportsIndirectInputEvents = YES;
				INFOPLIST_KEY_UILaunchScreen_Generation = YES;
				INFOPLIST_KEY_UISupportedInterfaceOrientations_iPad = "UIInterfaceOrientationPortrait UIInterfaceOrientationPortraitUpsideDown UIInterfaceOrientationLandscapeLeft UIInterfaceOrientationLandscapeRight";
				INFOPLIST_KEY_UISupportedInterfaceOrientations_iPhone = "UIInterfaceOrientationPortrait UIInterfaceOrientationLandscapeLeft UIInterfaceOrientationLandscapeRight";
				LD_RUNPATH_SEARCH_PATHS = (
					"$(inherited)",
					"@executable_path/Frameworks",
				);
				MARKETING_VERSION = 1.0;
				PRODUCT_BUNDLE_IDENTIFIER = com.LossTracker;
				PRODUCT_NAME = "$(TARGET_NAME)";
				SWIFT_EMIT_LOC_STRINGS = YES;
				SWIFT_VERSION = 5.0;
				TARGETED_DEVICE_FAMILY = "1,2";
			};
			name = Debug;
		};
		BA6FFAAD2A5305E4003E4FCE /* Release */ = {
			isa = XCBuildConfiguration;
			buildSettings = {
				ASSETCATALOG_COMPILER_APPICON_NAME = AppIcon;
				ASSETCATALOG_COMPILER_GLOBAL_ACCENT_COLOR_NAME = AccentColor;
				CODE_SIGN_STYLE = Automatic;
				CURRENT_PROJECT_VERSION = 1;
				DEVELOPMENT_ASSET_PATHS = "\"LossTracker/Preview Content\"";
				DEVELOPMENT_TEAM = EE5CKE9HE8;
				ENABLE_PREVIEWS = YES;
				GENERATE_INFOPLIST_FILE = YES;
				INFOPLIST_KEY_UIApplicationSceneManifest_Generation = YES;
				INFOPLIST_KEY_UIApplicationSupportsIndirectInputEvents = YES;
				INFOPLIST_KEY_UILaunchScreen_Generation = YES;
				INFOPLIST_KEY_UISupportedInterfaceOrientations_iPad = "UIInterfaceOrientationPortrait UIInterfaceOrientationPortraitUpsideDown UIInterfaceOrientationLandscapeLeft UIInterfaceOrientationLandscapeRight";
				INFOPLIST_KEY_UISupportedInterfaceOrientations_iPhone = "UIInterfaceOrientationPortrait UIInterfaceOrientationLandscapeLeft UIInterfaceOrientationLandscapeRight";
				LD_RUNPATH_SEARCH_PATHS = (
					"$(inherited)",
					"@executable_path/Frameworks",
				);
				MARKETING_VERSION = 1.0;
				PRODUCT_BUNDLE_IDENTIFIER = com.LossTracker;
				PRODUCT_NAME = "$(TARGET_NAME)";
				SWIFT_EMIT_LOC_STRINGS = YES;
				SWIFT_VERSION = 5.0;
				TARGETED_DEVICE_FAMILY = "1,2";
			};
			name = Release;
		};
		BA6FFAAF2A5305E4003E4FCE /* Debug */ = {
			isa = XCBuildConfiguration;
			buildSettings = {
				ALWAYS_EMBED_SWIFT_STANDARD_LIBRARIES = YES;
				BUNDLE_LOADER = "$(TEST_HOST)";
				CODE_SIGN_STYLE = Automatic;
				CURRENT_PROJECT_VERSION = 1;
				DEVELOPMENT_TEAM = EE5CKE9HE8;
				GENERATE_INFOPLIST_FILE = YES;
				IPHONEOS_DEPLOYMENT_TARGET = 17.0;
				MARKETING_VERSION = 1.0;
				PRODUCT_BUNDLE_IDENTIFIER = com.rundom.RundomiOS.LossTrackerTests;
				PRODUCT_NAME = "$(TARGET_NAME)";
				SWIFT_EMIT_LOC_STRINGS = NO;
				SWIFT_VERSION = 5.0;
				TARGETED_DEVICE_FAMILY = "1,2";
				TEST_HOST = "$(BUILT_PRODUCTS_DIR)/LossTracker.app/$(BUNDLE_EXECUTABLE_FOLDER_PATH)/LossTracker";
			};
			name = Debug;
		};
		BA6FFAB02A5305E4003E4FCE /* Release */ = {
			isa = XCBuildConfiguration;
			buildSettings = {
				ALWAYS_EMBED_SWIFT_STANDARD_LIBRARIES = YES;
				BUNDLE_LOADER = "$(TEST_HOST)";
				CODE_SIGN_STYLE = Automatic;
				CURRENT_PROJECT_VERSION = 1;
				DEVELOPMENT_TEAM = EE5CKE9HE8;
				GENERATE_INFOPLIST_FILE = YES;
				IPHONEOS_DEPLOYMENT_TARGET = 17.0;
				MARKETING_VERSION = 1.0;
				PRODUCT_BUNDLE_IDENTIFIER = com.rundom.RundomiOS.LossTrackerTests;
				PRODUCT_NAME = "$(TARGET_NAME)";
				SWIFT_EMIT_LOC_STRINGS = NO;
				SWIFT_VERSION = 5.0;
				TARGETED_DEVICE_FAMILY = "1,2";
				TEST_HOST = "$(BUILT_PRODUCTS_DIR)/LossTracker.app/$(BUNDLE_EXECUTABLE_FOLDER_PATH)/LossTracker";
			};
			name = Release;
		};
		BA6FFAB22A5305E4003E4FCE /* Debug */ = {
			isa = XCBuildConfiguration;
			buildSettings = {
				ALWAYS_EMBED_SWIFT_STANDARD_LIBRARIES = YES;
				CODE_SIGN_STYLE = Automatic;
				CURRENT_PROJECT_VERSION = 1;
				DEVELOPMENT_TEAM = EE5CKE9HE8;
				GENERATE_INFOPLIST_FILE = YES;
				MARKETING_VERSION = 1.0;
				PRODUCT_BUNDLE_IDENTIFIER = com.rundom.RundomiOS.LossTrackerUITests;
				PRODUCT_NAME = "$(TARGET_NAME)";
				SWIFT_EMIT_LOC_STRINGS = NO;
				SWIFT_VERSION = 5.0;
				TARGETED_DEVICE_FAMILY = "1,2";
				TEST_TARGET_NAME = LossTracker;
			};
			name = Debug;
		};
		BA6FFAB32A5305E4003E4FCE /* Release */ = {
			isa = XCBuildConfiguration;
			buildSettings = {
				ALWAYS_EMBED_SWIFT_STANDARD_LIBRARIES = YES;
				CODE_SIGN_STYLE = Automatic;
				CURRENT_PROJECT_VERSION = 1;
				DEVELOPMENT_TEAM = EE5CKE9HE8;
				GENERATE_INFOPLIST_FILE = YES;
				MARKETING_VERSION = 1.0;
				PRODUCT_BUNDLE_IDENTIFIER = com.rundom.RundomiOS.LossTrackerUITests;
				PRODUCT_NAME = "$(TARGET_NAME)";
				SWIFT_EMIT_LOC_STRINGS = NO;
				SWIFT_VERSION = 5.0;
				TARGETED_DEVICE_FAMILY = "1,2";
				TEST_TARGET_NAME = LossTracker;
			};
			name = Release;
		};
/* End XCBuildConfiguration section */

/* Begin XCConfigurationList section */
		BA6FFA7D2A5305E3003E4FCE /* Build configuration list for PBXProject "LossTracker" */ = {
			isa = XCConfigurationList;
			buildConfigurations = (
				BA6FFAA92A5305E4003E4FCE /* Debug */,
				BA6FFAAA2A5305E4003E4FCE /* Release */,
			);
			defaultConfigurationIsVisible = 0;
			defaultConfigurationName = Release;
		};
		BA6FFAAB2A5305E4003E4FCE /* Build configuration list for PBXNativeTarget "LossTracker" */ = {
			isa = XCConfigurationList;
			buildConfigurations = (
				BA6FFAAC2A5305E4003E4FCE /* Debug */,
				BA6FFAAD2A5305E4003E4FCE /* Release */,
			);
			defaultConfigurationIsVisible = 0;
			defaultConfigurationName = Release;
		};
		BA6FFAAE2A5305E4003E4FCE /* Build configuration list for PBXNativeTarget "LossTrackerTests" */ = {
			isa = XCConfigurationList;
			buildConfigurations = (
				BA6FFAAF2A5305E4003E4FCE /* Debug */,
				BA6FFAB02A5305E4003E4FCE /* Release */,
			);
			defaultConfigurationIsVisible = 0;
			defaultConfigurationName = Release;
		};
		BA6FFAB12A5305E4003E4FCE /* Build configuration list for PBXNativeTarget "LossTrackerUITests" */ = {
			isa = XCConfigurationList;
			buildConfigurations = (
				BA6FFAB22A5305E4003E4FCE /* Debug */,
				BA6FFAB32A5305E4003E4FCE /* Release */,
			);
			defaultConfigurationIsVisible = 0;
			defaultConfigurationName = Release;
		};
/* End XCConfigurationList section */

/* Begin XCVersionGroup section */
		BA6FFA902A5305E4003E4FCE /* LossTracker.xcdatamodeld */ = {
			isa = XCVersionGroup;
			children = (
				BA6FFA912A5305E4003E4FCE /* LossTracker.xcdatamodel */,
			);
			currentVersion = BA6FFA912A5305E4003E4FCE /* LossTracker.xcdatamodel */;
			path = LossTracker.xcdatamodeld;
			sourceTree = "<group>";
			versionGroupType = wrapper.xcdatamodel;
		};
/* End XCVersionGroup section */
	};
	rootObject = BA6FFA7A2A5305E3003E4FCE /* Project object */;
}
